
Microsoft Visual Studio Solution File, Format Version 12.00
# Visual Studio Version 16
VisualStudioVersion = 16.0.31129.286
MinimumVisualStudioVersion = 10.0.40219.1
Project("{FAE04EC0-301F-11D3-BF4B-00C04F79EFBC}") = "consoleMovieQuoteGenerator", "consoleMovieQuoteGenerator\consoleMovieQuoteGenerator.csproj", "{430918E2-3D44-4688-81CC-BDF98A75D3CF}"
EndProject
Global
	GlobalSection(SolutionConfigurationPlatforms) = preSolution
		Debug|Any CPU = Debug|Any CPU
		Release|Any CPU = Release|Any CPU
	EndGlobalSection
	GlobalSection(ProjectConfigurationPlatforms) = postSolution
		{430918E2-3D44-4688-81CC-BDF98A75D3CF}.Debug|Any CPU.ActiveCfg = Debug|Any CPU
		{430918E2-3D44-4688-81CC-BDF98A75D3CF}.Debug|Any CPU.Build.0 = Debug|Any CPU
		{430918E2-3D44-4688-81CC-BDF98A75D3CF}.Release|Any CPU.ActiveCfg = Release|Any CPU
		{430918E2-3D44-4688-81CC-BDF98A75D3CF}.Release|Any CPU.Build.0 = Release|Any CPU
	EndGlobalSection
	GlobalSection(SolutionProperties) = preSolution
		HideSolutionNode = FALSE
	EndGlobalSection
	GlobalSection(ExtensibilityGlobals) = postSolution
		SolutionGuid = {029EFEF8-3CCA-4E8B-8BF6-EFE383AA8751}
	EndGlobalSection
EndGlobal
